
Microsoft Visual Studio Solution File, Format Version 12.00
# Visual Studio 14
VisualStudioVersion = 14.0.25123.0
MinimumVisualStudioVersion = 10.0.40219.1
Project("{FAE04EC0-301F-11D3-BF4B-00C04F79EFBC}") = "PdfSigner", "PdfSigner\PdfSigner.csproj", "{3920D317-0E6E-4827-B48D-B0EF9D228665}"
EndProject
Project("{FAE04EC0-301F-11D3-BF4B-00C04F79EFBC}") = "PdfSignerUpdater", "PdfSignerUpdater\PdfSignerUpdater.csproj", "{BD070A94-5D00-4FD4-96A4-BDECEC7F753B}"
EndProject
Global
	GlobalSection(SolutionConfigurationPlatforms) = preSolution
		Debug|Any CPU = Debug|Any CPU
		Release|Any CPU = Release|Any CPU
	EndGlobalSection
	GlobalSection(ProjectConfigurationPlatforms) = postSolution
		{3920D317-0E6E-4827-B48D-B0EF9D228665}.Debug|Any CPU.ActiveCfg = Debug|Any CPU
		{3920D317-0E6E-4827-B48D-B0EF9D228665}.Debug|Any CPU.Build.0 = Debug|Any CPU
		{3920D317-0E6E-4827-B48D-B0EF9D228665}.Release|Any CPU.ActiveCfg = Release|Any CPU
		{3920D317-0E6E-4827-B48D-B0EF9D228665}.Release|Any CPU.Build.0 = Release|Any CPU
		{BD070A94-5D00-4FD4-96A4-BDECEC7F753B}.Debug|Any CPU.ActiveCfg = Debug|Any CPU
		{BD070A94-5D00-4FD4-96A4-BDECEC7F753B}.Debug|Any CPU.Build.0 = Debug|Any CPU
		{BD070A94-5D00-4FD4-96A4-BDECEC7F753B}.Release|Any CPU.ActiveCfg = Release|Any CPU
		{BD070A94-5D00-4FD4-96A4-BDECEC7F753B}.Release|Any CPU.Build.0 = Release|Any CPU
	EndGlobalSection
	GlobalSection(SolutionProperties) = preSolution
		HideSolutionNode = FALSE
	EndGlobalSection
EndGlobal
